
Microsoft Visual Studio Solution File, Format Version 12.00
# Visual Studio Version 16
VisualStudioVersion = 16.0.33027.164
MinimumVisualStudioVersion = 10.0.40219.1
Project("{9A19103F-16F7-4668-BE54-9A1E7A4F7556}") = "PaparaThirdWeek.Data", "PaparaThirdWeek.Data\PaparaThirdWeek.Data.csproj", "{CF394AF5-8A59-4173-AC31-4BFEFB216026}"
EndProject
Project("{9A19103F-16F7-4668-BE54-9A1E7A4F7556}") = "PaparaThirdWeek.Api", "PaparaThirdWeek.Api\PaparaThirdWeek.Api.csproj", "{2839BD8E-A554-4AF8-9340-BF7838546A7A}"
EndProject
Project("{9A19103F-16F7-4668-BE54-9A1E7A4F7556}") = "PaparaThirdWeek.Domain", "PaparaThirdWeek.Domain\PaparaThirdWeek.Domain.csproj", "{E46D3AD2-E46A-4E9A-A364-C15084BBB4A0}"
EndProject
Project("{FAE04EC0-301F-11D3-BF4B-00C04F79EFBC}") = "PaparaThirdWeek.Services", "PaparaThirdWeek.Services\PaparaThirdWeek.Services.csproj", "{84A50947-9B67-4B14-A955-442ED2ECF56B}"
EndProject
Global
	GlobalSection(SolutionConfigurationPlatforms) = preSolution
		Debug|Any CPU = Debug|Any CPU
		Release|Any CPU = Release|Any CPU
	EndGlobalSection
	GlobalSection(ProjectConfigurationPlatforms) = postSolution
		{CF394AF5-8A59-4173-AC31-4BFEFB216026}.Debug|Any CPU.ActiveCfg = Debug|Any CPU
		{CF394AF5-8A59-4173-AC31-4BFEFB216026}.Debug|Any CPU.Build.0 = Debug|Any CPU
		{CF394AF5-8A59-4173-AC31-4BFEFB216026}.Release|Any CPU.ActiveCfg = Release|Any CPU
		{CF394AF5-8A59-4173-AC31-4BFEFB216026}.Release|Any CPU.Build.0 = Release|Any CPU
		{2839BD8E-A554-4AF8-9340-BF7838546A7A}.Debug|Any CPU.ActiveCfg = Debug|Any CPU
		{2839BD8E-A554-4AF8-9340-BF7838546A7A}.Debug|Any CPU.Build.0 = Debug|Any CPU
		{2839BD8E-A554-4AF8-9340-BF7838546A7A}.Release|Any CPU.ActiveCfg = Release|Any CPU
		{2839BD8E-A554-4AF8-9340-BF7838546A7A}.Release|Any CPU.Build.0 = Release|Any CPU
		{E46D3AD2-E46A-4E9A-A364-C15084BBB4A0}.Debug|Any CPU.ActiveCfg = Debug|Any CPU
		{E46D3AD2-E46A-4E9A-A364-C15084BBB4A0}.Debug|Any CPU.Build.0 = Debug|Any CPU
		{E46D3AD2-E46A-4E9A-A364-C15084BBB4A0}.Release|Any CPU.ActiveCfg = Release|Any CPU
		{E46D3AD2-E46A-4E9A-A364-C15084BBB4A0}.Release|Any CPU.Build.0 = Release|Any CPU
		{84A50947-9B67-4B14-A955-442ED2ECF56B}.Debug|Any CPU.ActiveCfg = Debug|Any CPU
		{84A50947-9B67-4B14-A955-442ED2ECF56B}.Debug|Any CPU.Build.0 = Debug|Any CPU
		{84A50947-9B67-4B14-A955-442ED2ECF56B}.Release|Any CPU.ActiveCfg = Release|Any CPU
		{84A50947-9B67-4B14-A955-442ED2ECF56B}.Release|Any CPU.Build.0 = Release|Any CPU
	EndGlobalSection
	GlobalSection(SolutionProperties) = preSolution
		HideSolutionNode = FALSE
	EndGlobalSection
	GlobalSection(ExtensibilityGlobals) = postSolution
		SolutionGuid = {C28A1925-2567-4BA6-81E3-F34FDD30DA56}
	EndGlobalSection
EndGlobal
